
Microsoft Visual Studio Solution File, Format Version 12.00
# Visual Studio Version 17
VisualStudioVersion = 17.14.36518.9 d17.14
MinimumVisualStudioVersion = 10.0.40219.1
Project("{FAE04EC0-301F-11D3-BF4B-00C04F79EFBC}") = "TriangleApp", "TriangleApp\TriangleApp.csproj", "{13BDD9CE-A210-4275-9D75-9CF26BD7B1F9}"
EndProject
Project("{FAE04EC0-301F-11D3-BF4B-00C04F79EFBC}") = "TriangleTests", "TriangleTests\TriangleTests.csproj", "{9E72285F-D796-4470-8921-A4236EBCCFC4}"
EndProject
Global
	GlobalSection(SolutionConfigurationPlatforms) = preSolution
		Debug|Any CPU = Debug|Any CPU
		Release|Any CPU = Release|Any CPU
	EndGlobalSection
	GlobalSection(ProjectConfigurationPlatforms) = postSolution
		{13BDD9CE-A210-4275-9D75-9CF26BD7B1F9}.Debug|Any CPU.ActiveCfg = Debug|Any CPU
		{13BDD9CE-A210-4275-9D75-9CF26BD7B1F9}.Debug|Any CPU.Build.0 = Debug|Any CPU
		{13BDD9CE-A210-4275-9D75-9CF26BD7B1F9}.Release|Any CPU.ActiveCfg = Release|Any CPU
		{13BDD9CE-A210-4275-9D75-9CF26BD7B1F9}.Release|Any CPU.Build.0 = Release|Any CPU
		{9E72285F-D796-4470-8921-A4236EBCCFC4}.Debug|Any CPU.ActiveCfg = Debug|Any CPU
		{9E72285F-D796-4470-8921-A4236EBCCFC4}.Debug|Any CPU.Build.0 = Debug|Any CPU
		{9E72285F-D796-4470-8921-A4236EBCCFC4}.Release|Any CPU.ActiveCfg = Release|Any CPU
		{9E72285F-D796-4470-8921-A4236EBCCFC4}.Release|Any CPU.Build.0 = Release|Any CPU
	EndGlobalSection
	GlobalSection(SolutionProperties) = preSolution
		HideSolutionNode = FALSE
	EndGlobalSection
	GlobalSection(ExtensibilityGlobals) = postSolution
		SolutionGuid = {8FB5EE44-63AF-429D-B8A5-851193061EE1}
	EndGlobalSection
EndGlobal
