
Microsoft Visual Studio Solution File, Format Version 12.00
# Visual Studio Version 17
VisualStudioVersion = 17.14.36109.1 d17.14
MinimumVisualStudioVersion = 10.0.40219.1
Project("{FAE04EC0-301F-11D3-BF4B-00C04F79EFBC}") = "ProgrammingLanguageQuiz", "ProgrammingLanguageQuiz\ProgrammingLanguageQuiz.csproj", "{EB7BB535-0742-411B-87CC-A8B4B4BFA7FB}"
EndProject
Global
	GlobalSection(SolutionConfigurationPlatforms) = preSolution
		Debug|Any CPU = Debug|Any CPU
		Release|Any CPU = Release|Any CPU
	EndGlobalSection
	GlobalSection(ProjectConfigurationPlatforms) = postSolution
		{EB7BB535-0742-411B-87CC-A8B4B4BFA7FB}.Debug|Any CPU.ActiveCfg = Debug|Any CPU
		{EB7BB535-0742-411B-87CC-A8B4B4BFA7FB}.Debug|Any CPU.Build.0 = Debug|Any CPU
		{EB7BB535-0742-411B-87CC-A8B4B4BFA7FB}.Release|Any CPU.ActiveCfg = Release|Any CPU
		{EB7BB535-0742-411B-87CC-A8B4B4BFA7FB}.Release|Any CPU.Build.0 = Release|Any CPU
	EndGlobalSection
	GlobalSection(SolutionProperties) = preSolution
		HideSolutionNode = FALSE
	EndGlobalSection
	GlobalSection(ExtensibilityGlobals) = postSolution
		SolutionGuid = {36F91753-E7E4-4614-9174-76D2D30CC94C}
	EndGlobalSection
EndGlobal
