
Microsoft Visual Studio Solution File, Format Version 12.00
# Visual Studio Version 17
VisualStudioVersion = 17.14.36109.1 d17.14
MinimumVisualStudioVersion = 10.0.40219.1
Project("{FAE04EC0-301F-11D3-BF4B-00C04F79EFBC}") = "VectorEditor", "VectorEditor\VectorEditor.csproj", "{A31C13E2-4F09-4875-B653-772495BD7EBE}"
EndProject
Global
	GlobalSection(SolutionConfigurationPlatforms) = preSolution
		Debug|Any CPU = Debug|Any CPU
		Release|Any CPU = Release|Any CPU
	EndGlobalSection
	GlobalSection(ProjectConfigurationPlatforms) = postSolution
		{A31C13E2-4F09-4875-B653-772495BD7EBE}.Debug|Any CPU.ActiveCfg = Debug|Any CPU
		{A31C13E2-4F09-4875-B653-772495BD7EBE}.Debug|Any CPU.Build.0 = Debug|Any CPU
		{A31C13E2-4F09-4875-B653-772495BD7EBE}.Release|Any CPU.ActiveCfg = Release|Any CPU
		{A31C13E2-4F09-4875-B653-772495BD7EBE}.Release|Any CPU.Build.0 = Release|Any CPU
	EndGlobalSection
	GlobalSection(SolutionProperties) = preSolution
		HideSolutionNode = FALSE
	EndGlobalSection
	GlobalSection(ExtensibilityGlobals) = postSolution
		SolutionGuid = {AD00E208-4176-4B9A-BB01-A0C22A83F29B}
	EndGlobalSection
EndGlobal
